
Microsoft Visual Studio Solution File, Format Version 12.00
# Visual Studio Version 17
VisualStudioVersion = 17.3.32804.467
MinimumVisualStudioVersion = 10.0.40219.1
Project("{9A19103F-16F7-4668-BE54-9A1E7A4F7556}") = "NebuniaLuiFibonacciApp", "NebuniaLuiFibonacciApp\NebuniaLuiFibonacciApp.csproj", "{B55E19E6-2231-4558-9196-F1B250B7B3B2}"
EndProject
Project("{FAE04EC0-301F-11D3-BF4B-00C04F79EFBC}") = "NebuniaLuiFibonacci", "NebuniaLuiFibonacci\NebuniaLuiFibonacci.csproj", "{F37E020E-2722-40AA-BD81-0761F8AB73FD}"
EndProject
Global
	GlobalSection(SolutionConfigurationPlatforms) = preSolution
		Debug|Any CPU = Debug|Any CPU
		Release|Any CPU = Release|Any CPU
	EndGlobalSection
	GlobalSection(ProjectConfigurationPlatforms) = postSolution
		{B55E19E6-2231-4558-9196-F1B250B7B3B2}.Debug|Any CPU.ActiveCfg = Debug|Any CPU
		{B55E19E6-2231-4558-9196-F1B250B7B3B2}.Debug|Any CPU.Build.0 = Debug|Any CPU
		{B55E19E6-2231-4558-9196-F1B250B7B3B2}.Release|Any CPU.ActiveCfg = Release|Any CPU
		{B55E19E6-2231-4558-9196-F1B250B7B3B2}.Release|Any CPU.Build.0 = Release|Any CPU
		{F37E020E-2722-40AA-BD81-0761F8AB73FD}.Debug|Any CPU.ActiveCfg = Debug|Any CPU
		{F37E020E-2722-40AA-BD81-0761F8AB73FD}.Debug|Any CPU.Build.0 = Debug|Any CPU
		{F37E020E-2722-40AA-BD81-0761F8AB73FD}.Release|Any CPU.ActiveCfg = Release|Any CPU
		{F37E020E-2722-40AA-BD81-0761F8AB73FD}.Release|Any CPU.Build.0 = Release|Any CPU
	EndGlobalSection
	GlobalSection(SolutionProperties) = preSolution
		HideSolutionNode = FALSE
	EndGlobalSection
	GlobalSection(ExtensibilityGlobals) = postSolution
		SolutionGuid = {5B2B12AC-0ECE-45C4-B39A-952575790A8D}
	EndGlobalSection
EndGlobal
